
Microsoft Visual Studio Solution File, Format Version 12.00
Project("{FAE04EC0-301F-11D3-BF4B-00C04F79EFBC}") = "FolkLink.Web", "FolkLink.Web\FolkLink.Web.csproj", "{7BC101DB-C3FC-4556-B396-BCAF342DDFEB}"
EndProject
Global
	GlobalSection(SolutionConfigurationPlatforms) = preSolution
		Debug|Any CPU = Debug|Any CPU
		Release|Any CPU = Release|Any CPU
	EndGlobalSection
	GlobalSection(ProjectConfigurationPlatforms) = postSolution
		{7BC101DB-C3FC-4556-B396-BCAF342DDFEB}.Debug|Any CPU.ActiveCfg = Debug|Any CPU
		{7BC101DB-C3FC-4556-B396-BCAF342DDFEB}.Debug|Any CPU.Build.0 = Debug|Any CPU
		{7BC101DB-C3FC-4556-B396-BCAF342DDFEB}.Release|Any CPU.ActiveCfg = Release|Any CPU
		{7BC101DB-C3FC-4556-B396-BCAF342DDFEB}.Release|Any CPU.Build.0 = Release|Any CPU
	EndGlobalSection
EndGlobal
